
Microsoft Visual Studio Solution File, Format Version 12.00
# Visual Studio Version 16
VisualStudioVersion = 16.0.31410.357
MinimumVisualStudioVersion = 10.0.40219.1
Project("{FAE04EC0-301F-11D3-BF4B-00C04F79EFBC}") = "Workshop", "Workshop\Workshop.csproj", "{CB658AC1-920F-4E16-B170-6E3E67AF08A5}"
EndProject
Global
	GlobalSection(SolutionConfigurationPlatforms) = preSolution
		Debug|Any CPU = Debug|Any CPU
		Release|Any CPU = Release|Any CPU
	EndGlobalSection
	GlobalSection(ProjectConfigurationPlatforms) = postSolution
		{CB658AC1-920F-4E16-B170-6E3E67AF08A5}.Debug|Any CPU.ActiveCfg = Debug|Any CPU
		{CB658AC1-920F-4E16-B170-6E3E67AF08A5}.Debug|Any CPU.Build.0 = Debug|Any CPU
		{CB658AC1-920F-4E16-B170-6E3E67AF08A5}.Release|Any CPU.ActiveCfg = Release|Any CPU
		{CB658AC1-920F-4E16-B170-6E3E67AF08A5}.Release|Any CPU.Build.0 = Release|Any CPU
	EndGlobalSection
	GlobalSection(SolutionProperties) = preSolution
		HideSolutionNode = FALSE
	EndGlobalSection
	GlobalSection(ExtensibilityGlobals) = postSolution
		SolutionGuid = {12F5FF07-31F8-475C-A6F4-8F250577B394}
	EndGlobalSection
EndGlobal
